{
  "name": "markyun",
  "version": "1.0.1",
  "lockfileVersion": 1,
  "requires": true,
  "dependencies": {
    "live2d-widget-model-haru": {
      "version": "1.0.5",
      "resolved": "https://registry.npmjs.org/live2d-widget-model-haru/-/live2d-widget-model-haru-1.0.5.tgz",
      "integrity": "sha512-n895K0BAnN0FJymwADn60WBacWQaqeoFJa5ux6ImEeIE/k+tLRI751B8RiY+zCk/WjdA8oTyuBt5QEhwWghMYw=="
    },
    "live2d-widget-model-hijiki": {
      "version": "1.0.5",
      "resolved": "https://registry.npmjs.org/live2d-widget-model-hijiki/-/live2d-widget-model-hijiki-1.0.5.tgz",
      "integrity": "sha512-1htA3VPgqw5mvs94qHVqy56MjmF1huBXst1SsgphNyeWuZT3aH87I0sF1Ene7WDkyEPnMeR+pX1bJxWa524snA=="
    }
  }
}
